
Microsoft Visual Studio Solution File, Format Version 12.00
# Visual Studio Version 17
VisualStudioVersion = 17.10.35122.118
MinimumVisualStudioVersion = 10.0.40219.1
Project("{FAE04EC0-301F-11D3-BF4B-00C04F79EFBC}") = "Laboratory1", "Laboratory1\Laboratory1.csproj", "{C62804D8-0C24-4D37-B532-E37FC1C003A2}"
EndProject
Global
	GlobalSection(SolutionConfigurationPlatforms) = preSolution
		Debug|Any CPU = Debug|Any CPU
		Release|Any CPU = Release|Any CPU
	EndGlobalSection
	GlobalSection(ProjectConfigurationPlatforms) = postSolution
		{C62804D8-0C24-4D37-B532-E37FC1C003A2}.Debug|Any CPU.ActiveCfg = Debug|Any CPU
		{C62804D8-0C24-4D37-B532-E37FC1C003A2}.Debug|Any CPU.Build.0 = Debug|Any CPU
		{C62804D8-0C24-4D37-B532-E37FC1C003A2}.Release|Any CPU.ActiveCfg = Release|Any CPU
		{C62804D8-0C24-4D37-B532-E37FC1C003A2}.Release|Any CPU.Build.0 = Release|Any CPU
	EndGlobalSection
	GlobalSection(SolutionProperties) = preSolution
		HideSolutionNode = FALSE
	EndGlobalSection
	GlobalSection(ExtensibilityGlobals) = postSolution
		SolutionGuid = {F4671EF4-2B01-43CF-BC95-2E05457A7299}
	EndGlobalSection
EndGlobal
